// !$*UTF8*$!
{
	archiveVersion = 1;
	classes = {
	};
	objectVersion = 55;
	objects = {

/* Begin PBXBuildFile section */
		F315401A28A1C2DC00A7DFD0 /* BoardsTabView.swift in Sources */ = {isa = PBXBuildFile; fileRef = F315401928A1C2DC00A7DFD0 /* BoardsTabView.swift */; };
		F315401C28A1D3C100A7DFD0 /* NoBoardsView.swift in Sources */ = {isa = PBXBuildFile; fileRef = F315401B28A1D3C100A7DFD0 /* NoBoardsView.swift */; };
		F365ED64289B39B00026F354 /* InspoBoardApp.swift in Sources */ = {isa = PBXBuildFile; fileRef = F365ED54289B39AD0026F354 /* InspoBoardApp.swift */; };
		F365ED65289B39B00026F354 /* InspoBoardApp.swift in Sources */ = {isa = PBXBuildFile; fileRef = F365ED54289B39AD0026F354 /* InspoBoardApp.swift */; };
		F365ED66289B39B00026F354 /* BoardsHomeView.swift in Sources */ = {isa = PBXBuildFile; fileRef = F365ED55289B39AD0026F354 /* BoardsHomeView.swift */; };
		F365ED68289B39B00026F354 /* Assets.xcassets in Resources */ = {isa = PBXBuildFile; fileRef = F365ED56289B39B00026F354 /* Assets.xcassets */; };
		F365ED69289B39B00026F354 /* Assets.xcassets in Resources */ = {isa = PBXBuildFile; fileRef = F365ED56289B39B00026F354 /* Assets.xcassets */; };
		F365ED74289B39EE0026F354 /* BoardsList.swift in Sources */ = {isa = PBXBuildFile; fileRef = F365ED73289B39EE0026F354 /* BoardsList.swift */; };
		F365ED76289B39FD0026F354 /* AddABoard.swift in Sources */ = {isa = PBXBuildFile; fileRef = F365ED75289B39FD0026F354 /* AddABoard.swift */; };
		F365ED78289B3C7D0026F354 /* AddACard.swift in Sources */ = {isa = PBXBuildFile; fileRef = F365ED77289B3C7D0026F354 /* AddACard.swift */; };
		F365ED7A289B3C8D0026F354 /* CardsList.swift in Sources */ = {isa = PBXBuildFile; fileRef = F365ED79289B3C8D0026F354 /* CardsList.swift */; };
		F365ED7D289B3CE20026F354 /* Board.swift in Sources */ = {isa = PBXBuildFile; fileRef = F365ED7C289B3CE20026F354 /* Board.swift */; };
		F365ED7F289B3D240026F354 /* Card.swift in Sources */ = {isa = PBXBuildFile; fileRef = F365ED7E289B3D240026F354 /* Card.swift */; };
		F365ED81289B44B00026F354 /* Extensions.swift in Sources */ = {isa = PBXBuildFile; fileRef = F365ED80289B44B00026F354 /* Extensions.swift */; };
		F36721F2289B4C94009ACCBA /* InspoBoardAPIManager.swift in Sources */ = {isa = PBXBuildFile; fileRef = F36721F1289B4C94009ACCBA /* InspoBoardAPIManager.swift */; };
		F36721F4289B4F2A009ACCBA /* LoadingView.swift in Sources */ = {isa = PBXBuildFile; fileRef = F36721F3289B4F2A009ACCBA /* LoadingView.swift */; };
		F36721F9289B57B5009ACCBA /* boardData.json in Resources */ = {isa = PBXBuildFile; fileRef = F36721F6289B57B5009ACCBA /* boardData.json */; };
		F36721FA289B57B5009ACCBA /* ModelData.swift in Sources */ = {isa = PBXBuildFile; fileRef = F36721F7289B57B5009ACCBA /* ModelData.swift */; };
		F36721FB289B57B5009ACCBA /* Preview Assets.xcassets in Resources */ = {isa = PBXBuildFile; fileRef = F36721F8289B57B5009ACCBA /* Preview Assets.xcassets */; };
		F36721FE289B58C8009ACCBA /* BoardRow.swift in Sources */ = {isa = PBXBuildFile; fileRef = F36721FD289B58C7009ACCBA /* BoardRow.swift */; };
		F36BC48428A1E80A00387A00 /* NavigationManager.swift in Sources */ = {isa = PBXBuildFile; fileRef = F36BC48328A1E80A00387A00 /* NavigationManager.swift */; };
/* End PBXBuildFile section */

/* Begin PBXFileReference section */
		F315401928A1C2DC00A7DFD0 /* BoardsTabView.swift */ = {isa = PBXFileReference; lastKnownFileType = sourcecode.swift; path = BoardsTabView.swift; sourceTree = "<group>"; };
		F315401B28A1D3C100A7DFD0 /* NoBoardsView.swift */ = {isa = PBXFileReference; lastKnownFileType = sourcecode.swift; path = NoBoardsView.swift; sourceTree = "<group>"; };
		F365ED54289B39AD0026F354 /* InspoBoardApp.swift */ = {isa = PBXFileReference; lastKnownFileType = sourcecode.swift; path = InspoBoardApp.swift; sourceTree = "<group>"; };
		F365ED55289B39AD0026F354 /* BoardsHomeView.swift */ = {isa = PBXFileReference; lastKnownFileType = sourcecode.swift; path = BoardsHomeView.swift; sourceTree = "<group>"; };
		F365ED56289B39B00026F354 /* Assets.xcassets */ = {isa = PBXFileReference; lastKnownFileType = folder.assetcatalog; path = Assets.xcassets; sourceTree = "<group>"; };
		F365ED5B289B39B00026F354 /* InspoBoard.app */ = {isa = PBXFileReference; explicitFileType = wrapper.application; includeInIndex = 0; path = InspoBoard.app; sourceTree = BUILT_PRODUCTS_DIR; };
		F365ED61289B39B00026F354 /* InspoBoard.app */ = {isa = PBXFileReference; explicitFileType = wrapper.application; includeInIndex = 0; path = InspoBoard.app; sourceTree = BUILT_PRODUCTS_DIR; };
		F365ED63289B39B00026F354 /* macOS.entitlements */ = {isa = PBXFileReference; lastKnownFileType = text.plist.entitlements; path = macOS.entitlements; sourceTree = "<group>"; };
		F365ED73289B39EE0026F354 /* BoardsList.swift */ = {isa = PBXFileReference; lastKnownFileType = sourcecode.swift; path = BoardsList.swift; sourceTree = "<group>"; };
		F365ED75289B39FD0026F354 /* AddABoard.swift */ = {isa = PBXFileReference; lastKnownFileType = sourcecode.swift; path = AddABoard.swift; sourceTree = "<group>"; };
		F365ED77289B3C7D0026F354 /* AddACard.swift */ = {isa = PBXFileReference; lastKnownFileType = sourcecode.swift; path = AddACard.swift; sourceTree = "<group>"; };
		F365ED79289B3C8D0026F354 /* CardsList.swift */ = {isa = PBXFileReference; lastKnownFileType = sourcecode.swift; path = CardsList.swift; sourceTree = "<group>"; };
		F365ED7C289B3CE20026F354 /* Board.swift */ = {isa = PBXFileReference; lastKnownFileType = sourcecode.swift; path = Board.swift; sourceTree = "<group>"; };
		F365ED7E289B3D240026F354 /* Card.swift */ = {isa = PBXFileReference; lastKnownFileType = sourcecode.swift; path = Card.swift; sourceTree = "<group>"; };
		F365ED80289B44B00026F354 /* Extensions.swift */ = {isa = PBXFileReference; fileEncoding = 4; lastKnownFileType = sourcecode.swift; path = Extensions.swift; sourceTree = "<group>"; };
		F36721F1289B4C94009ACCBA /* InspoBoardAPIManager.swift */ = {isa = PBXFileReference; lastKnownFileType = sourcecode.swift; path = InspoBoardAPIManager.swift; sourceTree = "<group>"; };
		F36721F3289B4F2A009ACCBA /* LoadingView.swift */ = {isa = PBXFileReference; fileEncoding = 4; lastKnownFileType = sourcecode.swift; path = LoadingView.swift; sourceTree = "<group>"; };
		F36721F6289B57B5009ACCBA /* boardData.json */ = {isa = PBXFileReference; fileEncoding = 4; lastKnownFileType = text.json; path = boardData.json; sourceTree = "<group>"; };
		F36721F7289B57B5009ACCBA /* ModelData.swift */ = {isa = PBXFileReference; fileEncoding = 4; lastKnownFileType = sourcecode.swift; path = ModelData.swift; sourceTree = "<group>"; };
		F36721F8289B57B5009ACCBA /* Preview Assets.xcassets */ = {isa = PBXFileReference; lastKnownFileType = folder.assetcatalog; path = "Preview Assets.xcassets"; sourceTree = "<group>"; };
		F36721FD289B58C7009ACCBA /* BoardRow.swift */ = {isa = PBXFileReference; lastKnownFileType = sourcecode.swift; path = BoardRow.swift; sourceTree = "<group>"; };
		F36BC48328A1E80A00387A00 /* NavigationManager.swift */ = {isa = PBXFileReference; lastKnownFileType = sourcecode.swift; path = NavigationManager.swift; sourceTree = "<group>"; };
/* End PBXFileReference section */

/* Begin PBXFrameworksBuildPhase section */
		F365ED58289B39B00026F354 /* Frameworks */ = {
			isa = PBXFrameworksBuildPhase;
			buildActionMask = 2147483647;
			files = (
			);
			runOnlyForDeploymentPostprocessing = 0;
		};
		F365ED5E289B39B00026F354 /* Frameworks */ = {
			isa = PBXFrameworksBuildPhase;
			buildActionMask = 2147483647;
			files = (
			);
			runOnlyForDeploymentPostprocessing = 0;
		};
/* End PBXFrameworksBuildPhase section */

/* Begin PBXGroup section */
		F365ED4E289B39AD0026F354 = {
			isa = PBXGroup;
			children = (
				F365ED53289B39AD0026F354 /* Source */,
				F36721F5289B577B009ACCBA /* PreviewContent */,
				F365ED62289B39B00026F354 /* macOS */,
				F365ED5C289B39B00026F354 /* Products */,
			);
			sourceTree = "<group>";
		};
		F365ED53289B39AD0026F354 /* Source */ = {
			isa = PBXGroup;
			children = (
				F365ED54289B39AD0026F354 /* InspoBoardApp.swift */,
				F365ED55289B39AD0026F354 /* BoardsHomeView.swift */,
				F365ED7B289B3CD60026F354 /* Models */,
				F365ED72289B39BD0026F354 /* Components */,
				F36721F0289B4C6D009ACCBA /* Managers */,
				F365ED56289B39B00026F354 /* Assets.xcassets */,
				F365ED80289B44B00026F354 /* Extensions.swift */,
			);
			path = Source;
			sourceTree = "<group>";
		};
		F365ED5C289B39B00026F354 /* Products */ = {
			isa = PBXGroup;
			children = (
				F365ED5B289B39B00026F354 /* InspoBoard.app */,
				F365ED61289B39B00026F354 /* InspoBoard.app */,
			);
			name = Products;
			sourceTree = "<group>";
		};
		F365ED62289B39B00026F354 /* macOS */ = {
			isa = PBXGroup;
			children = (
				F365ED63289B39B00026F354 /* macOS.entitlements */,
			);
			path = macOS;
			sourceTree = "<group>";
		};
		F365ED72289B39BD0026F354 /* Components */ = {
			isa = PBXGroup;
			children = (
				F36721F3289B4F2A009ACCBA /* LoadingView.swift */,
				F315401928A1C2DC00A7DFD0 /* BoardsTabView.swift */,
				F36721FC289B58A5009ACCBA /* BoardList */,
				F365ED79289B3C8D0026F354 /* CardsList.swift */,
				F365ED75289B39FD0026F354 /* AddABoard.swift */,
				F365ED77289B3C7D0026F354 /* AddACard.swift */,
			);
			path = Components;
			sourceTree = "<group>";
		};
		F365ED7B289B3CD60026F354 /* Models */ = {
			isa = PBXGroup;
			children = (
				F365ED7C289B3CE20026F354 /* Board.swift */,
				F365ED7E289B3D240026F354 /* Card.swift */,
			);
			path = Models;
			sourceTree = "<group>";
		};
		F36721F0289B4C6D009ACCBA /* Managers */ = {
			isa = PBXGroup;
			children = (
				F36721F1289B4C94009ACCBA /* InspoBoardAPIManager.swift */,
				F36BC48328A1E80A00387A00 /* NavigationManager.swift */,
			);
			path = Managers;
			sourceTree = "<group>";
		};
		F36721F5289B577B009ACCBA /* PreviewContent */ = {
			isa = PBXGroup;
			children = (
				F36721F7289B57B5009ACCBA /* ModelData.swift */,
				F36721F6289B57B5009ACCBA /* boardData.json */,
				F36721F8289B57B5009ACCBA /* Preview Assets.xcassets */,
			);
			path = PreviewContent;
			sourceTree = "<group>";
		};
		F36721FC289B58A5009ACCBA /* BoardList */ = {
			isa = PBXGroup;
			children = (
				F315401B28A1D3C100A7DFD0 /* NoBoardsView.swift */,
				F365ED73289B39EE0026F354 /* BoardsList.swift */,
				F36721FD289B58C7009ACCBA /* BoardRow.swift */,
			);
			path = BoardList;
			sourceTree = "<group>";
		};
/* End PBXGroup section */

/* Begin PBXNativeTarget section */
		F365ED5A289B39B00026F354 /* InspoBoard (iOS) */ = {
			isa = PBXNativeTarget;
			buildConfigurationList = F365ED6C289B39B00026F354 /* Build configuration list for PBXNativeTarget "InspoBoard (iOS)" */;
			buildPhases = (
				F365ED57289B39B00026F354 /* Sources */,
				F365ED58289B39B00026F354 /* Frameworks */,
				F365ED59289B39B00026F354 /* Resources */,
			);
			buildRules = (
			);
			dependencies = (
			);
			name = "InspoBoard (iOS)";
			productName = "InspoBoard (iOS)";
			productReference = F365ED5B289B39B00026F354 /* InspoBoard.app */;
			productType = "com.apple.product-type.application";
		};
		F365ED60289B39B00026F354 /* InspoBoard (macOS) */ = {
			isa = PBXNativeTarget;
			buildConfigurationList = F365ED6F289B39B00026F354 /* Build configuration list for PBXNativeTarget "InspoBoard (macOS)" */;
			buildPhases = (
				F365ED5D289B39B00026F354 /* Sources */,
				F365ED5E289B39B00026F354 /* Frameworks */,
				F365ED5F289B39B00026F354 /* Resources */,
			);
			buildRules = (
			);
			dependencies = (
			);
			name = "InspoBoard (macOS)";
			productName = "InspoBoard (macOS)";
			productReference = F365ED61289B39B00026F354 /* InspoBoard.app */;
			productType = "com.apple.product-type.application";
		};
/* End PBXNativeTarget section */

/* Begin PBXProject section */
		F365ED4F289B39AD0026F354 /* Project object */ = {
			isa = PBXProject;
			attributes = {
				BuildIndependentTargetsInParallel = 1;
				LastSwiftUpdateCheck = 1340;
				LastUpgradeCheck = 1340;
				TargetAttributes = {
					F365ED5A289B39B00026F354 = {
						CreatedOnToolsVersion = 13.4.1;
					};
					F365ED60289B39B00026F354 = {
						CreatedOnToolsVersion = 13.4.1;
					};
				};
			};
			buildConfigurationList = F365ED52289B39AD0026F354 /* Build configuration list for PBXProject "InspoBoard" */;
			compatibilityVersion = "Xcode 13.0";
			developmentRegion = en;
			hasScannedForEncodings = 0;
			knownRegions = (
				en,
				Base,
			);
			mainGroup = F365ED4E289B39AD0026F354;
			productRefGroup = F365ED5C289B39B00026F354 /* Products */;
			projectDirPath = "";
			projectRoot = "";
			targets = (
				F365ED5A289B39B00026F354 /* InspoBoard (iOS) */,
				F365ED60289B39B00026F354 /* InspoBoard (macOS) */,
			);
		};
/* End PBXProject section */

/* Begin PBXResourcesBuildPhase section */
		F365ED59289B39B00026F354 /* Resources */ = {
			isa = PBXResourcesBuildPhase;
			buildActionMask = 2147483647;
			files = (
				F36721F9289B57B5009ACCBA /* boardData.json in Resources */,
				F36721FB289B57B5009ACCBA /* Preview Assets.xcassets in Resources */,
				F365ED68289B39B00026F354 /* Assets.xcassets in Resources */,
			);
			runOnlyForDeploymentPostprocessing = 0;
		};
		F365ED5F289B39B00026F354 /* Resources */ = {
			isa = PBXResourcesBuildPhase;
			buildActionMask = 2147483647;
			files = (
				F365ED69289B39B00026F354 /* Assets.xcassets in Resources */,
			);
			runOnlyForDeploymentPostprocessing = 0;
		};
/* End PBXResourcesBuildPhase section */

/* Begin PBXSourcesBuildPhase section */
		F365ED57289B39B00026F354 /* Sources */ = {
			isa = PBXSourcesBuildPhase;
			buildActionMask = 2147483647;
			files = (
				F365ED76289B39FD0026F354 /* AddABoard.swift in Sources */,
				F365ED81289B44B00026F354 /* Extensions.swift in Sources */,
				F365ED66289B39B00026F354 /* BoardsHomeView.swift in Sources */,
				F36721F4289B4F2A009ACCBA /* LoadingView.swift in Sources */,
				F36721F2289B4C94009ACCBA /* InspoBoardAPIManager.swift in Sources */,
				F36721FA289B57B5009ACCBA /* ModelData.swift in Sources */,
				F365ED64289B39B00026F354 /* InspoBoardApp.swift in Sources */,
				F36721FE289B58C8009ACCBA /* BoardRow.swift in Sources */,
				F365ED74289B39EE0026F354 /* BoardsList.swift in Sources */,
				F365ED7D289B3CE20026F354 /* Board.swift in Sources */,
				F365ED78289B3C7D0026F354 /* AddACard.swift in Sources */,
				F315401C28A1D3C100A7DFD0 /* NoBoardsView.swift in Sources */,
				F315401A28A1C2DC00A7DFD0 /* BoardsTabView.swift in Sources */,
				F36BC48428A1E80A00387A00 /* NavigationManager.swift in Sources */,
				F365ED7A289B3C8D0026F354 /* CardsList.swift in Sources */,
				F365ED7F289B3D240026F354 /* Card.swift in Sources */,
			);
			runOnlyForDeploymentPostprocessing = 0;
		};
		F365ED5D289B39B00026F354 /* Sources */ = {
			isa = PBXSourcesBuildPhase;
			buildActionMask = 2147483647;
			files = (
				F365ED65289B39B00026F354 /* InspoBoardApp.swift in Sources */,
			);
			runOnlyForDeploymentPostprocessing = 0;
		};
/* End PBXSourcesBuildPhase section */

/* Begin XCBuildConfiguration section */
		F365ED6A289B39B00026F354 /* Debug */ = {
			isa = XCBuildConfiguration;
			buildSettings = {
				ALWAYS_SEARCH_USER_PATHS = NO;
				CLANG_ANALYZER_NONNULL = YES;
				CLANG_ANALYZER_NUMBER_OBJECT_CONVERSION = YES_AGGRESSIVE;
				CLANG_CXX_LANGUAGE_STANDARD = "gnu++17";
				CLANG_ENABLE_MODULES = YES;
				CLANG_ENABLE_OBJC_ARC = YES;
				CLANG_ENABLE_OBJC_WEAK = YES;
				CLANG_WARN_BLOCK_CAPTURE_AUTORELEASING = YES;
				CLANG_WARN_BOOL_CONVERSION = YES;
				CLANG_WARN_COMMA = YES;
				CLANG_WARN_CONSTANT_CONVERSION = YES;
				CLANG_WARN_DEPRECATED_OBJC_IMPLEMENTATIONS = YES;
				CLANG_WARN_DIRECT_OBJC_ISA_USAGE = YES_ERROR;
				CLANG_WARN_DOCUMENTATION_COMMENTS = YES;
				CLANG_WARN_EMPTY_BODY = YES;
				CLANG_WARN_ENUM_CONVERSION = YES;
				CLANG_WARN_INFINITE_RECURSION = YES;
				CLANG_WARN_INT_CONVERSION = YES;
				CLANG_WARN_NON_LITERAL_NULL_CONVERSION = YES;
				CLANG_WARN_OBJC_IMPLICIT_RETAIN_SELF = YES;
				CLANG_WARN_OBJC_LITERAL_CONVERSION = YES;
				CLANG_WARN_OBJC_ROOT_CLASS = YES_ERROR;
				CLANG_WARN_QUOTED_INCLUDE_IN_FRAMEWORK_HEADER = YES;
				CLANG_WARN_RANGE_LOOP_ANALYSIS = YES;
				CLANG_WARN_STRICT_PROTOTYPES = YES;
				CLANG_WARN_SUSPICIOUS_MOVE = YES;
				CLANG_WARN_UNGUARDED_AVAILABILITY = YES_AGGRESSIVE;
				CLANG_WARN_UNREACHABLE_CODE = YES;
				CLANG_WARN__DUPLICATE_METHOD_MATCH = YES;
				COPY_PHASE_STRIP = NO;
				DEBUG_INFORMATION_FORMAT = dwarf;
				ENABLE_STRICT_OBJC_MSGSEND = YES;
				ENABLE_TESTABILITY = YES;
				GCC_C_LANGUAGE_STANDARD = gnu11;
				GCC_DYNAMIC_NO_PIC = NO;
				GCC_NO_COMMON_BLOCKS = YES;
				GCC_OPTIMIZATION_LEVEL = 0;
				GCC_PREPROCESSOR_DEFINITIONS = (
					"DEBUG=1",
					"$(inherited)",
				);
				GCC_WARN_64_TO_32_BIT_CONVERSION = YES;
				GCC_WARN_ABOUT_RETURN_TYPE = YES_ERROR;
				GCC_WARN_UNDECLARED_SELECTOR = YES;
				GCC_WARN_UNINITIALIZED_AUTOS = YES_AGGRESSIVE;
				GCC_WARN_UNUSED_FUNCTION = YES;
				GCC_WARN_UNUSED_VARIABLE = YES;
				MTL_ENABLE_DEBUG_INFO = INCLUDE_SOURCE;
				MTL_FAST_MATH = YES;
				ONLY_ACTIVE_ARCH = YES;
				SWIFT_ACTIVE_COMPILATION_CONDITIONS = DEBUG;
				SWIFT_OPTIMIZATION_LEVEL = "-Onone";
			};
			name = Debug;
		};
		F365ED6B289B39B00026F354 /* Release */ = {
			isa = XCBuildConfiguration;
			buildSettings = {
				ALWAYS_SEARCH_USER_PATHS = NO;
				CLANG_ANALYZER_NONNULL = YES;
				CLANG_ANALYZER_NUMBER_OBJECT_CONVERSION = YES_AGGRESSIVE;
				CLANG_CXX_LANGUAGE_STANDARD = "gnu++17";
				CLANG_ENABLE_MODULES = YES;
				CLANG_ENABLE_OBJC_ARC = YES;
				CLANG_ENABLE_OBJC_WEAK = YES;
				CLANG_WARN_BLOCK_CAPTURE_AUTORELEASING = YES;
				CLANG_WARN_BOOL_CONVERSION = YES;
				CLANG_WARN_COMMA = YES;
				CLANG_WARN_CONSTANT_CONVERSION = YES;
				CLANG_WARN_DEPRECATED_OBJC_IMPLEMENTATIONS = YES;
				CLANG_WARN_DIRECT_OBJC_ISA_USAGE = YES_ERROR;
				CLANG_WARN_DOCUMENTATION_COMMENTS = YES;
				CLANG_WARN_EMPTY_BODY = YES;
				CLANG_WARN_ENUM_CONVERSION = YES;
				CLANG_WARN_INFINITE_RECURSION = YES;
				CLANG_WARN_INT_CONVERSION = YES;
				CLANG_WARN_NON_LITERAL_NULL_CONVERSION = YES;
				CLANG_WARN_OBJC_IMPLICIT_RETAIN_SELF = YES;
				CLANG_WARN_OBJC_LITERAL_CONVERSION = YES;
				CLANG_WARN_OBJC_ROOT_CLASS = YES_ERROR;
				CLANG_WARN_QUOTED_INCLUDE_IN_FRAMEWORK_HEADER = YES;
				CLANG_WARN_RANGE_LOOP_ANALYSIS = YES;
				CLANG_WARN_STRICT_PROTOTYPES = YES;
				CLANG_WARN_SUSPICIOUS_MOVE = YES;
				CLANG_WARN_UNGUARDED_AVAILABILITY = YES_AGGRESSIVE;
				CLANG_WARN_UNREACHABLE_CODE = YES;
				CLANG_WARN__DUPLICATE_METHOD_MATCH = YES;
				COPY_PHASE_STRIP = NO;
				DEBUG_INFORMATION_FORMAT = "dwarf-with-dsym";
				ENABLE_NS_ASSERTIONS = NO;
				ENABLE_STRICT_OBJC_MSGSEND = YES;
				GCC_C_LANGUAGE_STANDARD = gnu11;
				GCC_NO_COMMON_BLOCKS = YES;
				GCC_WARN_64_TO_32_BIT_CONVERSION = YES;
				GCC_WARN_ABOUT_RETURN_TYPE = YES_ERROR;
				GCC_WARN_UNDECLARED_SELECTOR = YES;
				GCC_WARN_UNINITIALIZED_AUTOS = YES_AGGRESSIVE;
				GCC_WARN_UNUSED_FUNCTION = YES;
				GCC_WARN_UNUSED_VARIABLE = YES;
				MTL_ENABLE_DEBUG_INFO = NO;
				MTL_FAST_MATH = YES;
				SWIFT_COMPILATION_MODE = wholemodule;
				SWIFT_OPTIMIZATION_LEVEL = "-O";
			};
			name = Release;
		};
		F365ED6D289B39B00026F354 /* Debug */ = {
			isa = XCBuildConfiguration;
			buildSettings = {
				ASSETCATALOG_COMPILER_APPICON_NAME = AppIcon;
				ASSETCATALOG_COMPILER_GLOBAL_ACCENT_COLOR_NAME = AccentColor;
				CODE_SIGN_STYLE = Automatic;
				CURRENT_PROJECT_VERSION = 1;
				DEVELOPMENT_TEAM = VH5XLSQ3W2;
				ENABLE_PREVIEWS = YES;
				GENERATE_INFOPLIST_FILE = YES;
				INFOPLIST_KEY_UIApplicationSceneManifest_Generation = YES;
				INFOPLIST_KEY_UIApplicationSupportsIndirectInputEvents = YES;
				INFOPLIST_KEY_UILaunchScreen_Generation = YES;
				INFOPLIST_KEY_UISupportedInterfaceOrientations = "UIInterfaceOrientationPortrait UIInterfaceOrientationPortraitUpsideDown";
				INFOPLIST_KEY_UISupportedInterfaceOrientations_iPad = "UIInterfaceOrientationPortrait UIInterfaceOrientationPortraitUpsideDown UIInterfaceOrientationLandscapeLeft UIInterfaceOrientationLandscapeRight";
				INFOPLIST_KEY_UISupportedInterfaceOrientations_iPhone = UIInterfaceOrientationPortrait;
				IPHONEOS_DEPLOYMENT_TARGET = 15.4;
				LD_RUNPATH_SEARCH_PATHS = (
					"$(inherited)",
					"@executable_path/Frameworks",
				);
				MARKETING_VERSION = 1.0;
				PRODUCT_BUNDLE_IDENTIFIER = com.kelsey.InspoBoard;
				PRODUCT_NAME = InspoBoard;
				SDKROOT = iphoneos;
				SWIFT_EMIT_LOC_STRINGS = YES;
				SWIFT_VERSION = 5.0;
				TARGETED_DEVICE_FAMILY = "1,2";
			};
			name = Debug;
		};
		F365ED6E289B39B00026F354 /* Release */ = {
			isa = XCBuildConfiguration;
			buildSettings = {
				ASSETCATALOG_COMPILER_APPICON_NAME = AppIcon;
				ASSETCATALOG_COMPILER_GLOBAL_ACCENT_COLOR_NAME = AccentColor;
				CODE_SIGN_STYLE = Automatic;
				CURRENT_PROJECT_VERSION = 1;
				DEVELOPMENT_TEAM = VH5XLSQ3W2;
				ENABLE_PREVIEWS = YES;
				GENERATE_INFOPLIST_FILE = YES;
				INFOPLIST_KEY_UIApplicationSceneManifest_Generation = YES;
				INFOPLIST_KEY_UIApplicationSupportsIndirectInputEvents = YES;
				INFOPLIST_KEY_UILaunchScreen_Generation = YES;
				INFOPLIST_KEY_UISupportedInterfaceOrientations = "UIInterfaceOrientationPortrait UIInterfaceOrientationPortraitUpsideDown";
				INFOPLIST_KEY_UISupportedInterfaceOrientations_iPad = "UIInterfaceOrientationPortrait UIInterfaceOrientationPortraitUpsideDown UIInterfaceOrientationLandscapeLeft UIInterfaceOrientationLandscapeRight";
				INFOPLIST_KEY_UISupportedInterfaceOrientations_iPhone = UIInterfaceOrientationPortrait;
				IPHONEOS_DEPLOYMENT_TARGET = 15.4;
				LD_RUNPATH_SEARCH_PATHS = (
					"$(inherited)",
					"@executable_path/Frameworks",
				);
				MARKETING_VERSION = 1.0;
				PRODUCT_BUNDLE_IDENTIFIER = com.kelsey.InspoBoard;
				PRODUCT_NAME = InspoBoard;
				SDKROOT = iphoneos;
				SWIFT_EMIT_LOC_STRINGS = YES;
				SWIFT_VERSION = 5.0;
				TARGETED_DEVICE_FAMILY = "1,2";
				VALIDATE_PRODUCT = YES;
			};
			name = Release;
		};
		F365ED70289B39B00026F354 /* Debug */ = {
			isa = XCBuildConfiguration;
			buildSettings = {
				ASSETCATALOG_COMPILER_APPICON_NAME = AppIcon;
				ASSETCATALOG_COMPILER_GLOBAL_ACCENT_COLOR_NAME = AccentColor;
				CODE_SIGN_ENTITLEMENTS = macOS/macOS.entitlements;
				CODE_SIGN_STYLE = Automatic;
				COMBINE_HIDPI_IMAGES = YES;
				CURRENT_PROJECT_VERSION = 1;
				ENABLE_PREVIEWS = YES;
				GENERATE_INFOPLIST_FILE = YES;
				INFOPLIST_KEY_NSHumanReadableCopyright = "";
				LD_RUNPATH_SEARCH_PATHS = (
					"$(inherited)",
					"@executable_path/../Frameworks",
				);
				MACOSX_DEPLOYMENT_TARGET = 12.3;
				MARKETING_VERSION = 1.0;
				PRODUCT_BUNDLE_IDENTIFIER = com.kelsey.InspoBoard;
				PRODUCT_NAME = InspoBoard;
				SDKROOT = macosx;
				SWIFT_EMIT_LOC_STRINGS = YES;
				SWIFT_VERSION = 5.0;
			};
			name = Debug;
		};
		F365ED71289B39B00026F354 /* Release */ = {
			isa = XCBuildConfiguration;
			buildSettings = {
				ASSETCATALOG_COMPILER_APPICON_NAME = AppIcon;
				ASSETCATALOG_COMPILER_GLOBAL_ACCENT_COLOR_NAME = AccentColor;
				CODE_SIGN_ENTITLEMENTS = macOS/macOS.entitlements;
				CODE_SIGN_STYLE = Automatic;
				COMBINE_HIDPI_IMAGES = YES;
				CURRENT_PROJECT_VERSION = 1;
				ENABLE_PREVIEWS = YES;
				GENERATE_INFOPLIST_FILE = YES;
				INFOPLIST_KEY_NSHumanReadableCopyright = "";
				LD_RUNPATH_SEARCH_PATHS = (
					"$(inherited)",
					"@executable_path/../Frameworks",
				);
				MACOSX_DEPLOYMENT_TARGET = 12.3;
				MARKETING_VERSION = 1.0;
				PRODUCT_BUNDLE_IDENTIFIER = com.kelsey.InspoBoard;
				PRODUCT_NAME = InspoBoard;
				SDKROOT = macosx;
				SWIFT_EMIT_LOC_STRINGS = YES;
				SWIFT_VERSION = 5.0;
			};
			name = Release;
		};
/* End XCBuildConfiguration section */

/* Begin XCConfigurationList section */
		F365ED52289B39AD0026F354 /* Build configuration list for PBXProject "InspoBoard" */ = {
			isa = XCConfigurationList;
			buildConfigurations = (
				F365ED6A289B39B00026F354 /* Debug */,
				F365ED6B289B39B00026F354 /* Release */,
			);
			defaultConfigurationIsVisible = 0;
			defaultConfigurationName = Release;
		};
		F365ED6C289B39B00026F354 /* Build configuration list for PBXNativeTarget "InspoBoard (iOS)" */ = {
			isa = XCConfigurationList;
			buildConfigurations = (
				F365ED6D289B39B00026F354 /* Debug */,
				F365ED6E289B39B00026F354 /* Release */,
			);
			defaultConfigurationIsVisible = 0;
			defaultConfigurationName = Release;
		};
		F365ED6F289B39B00026F354 /* Build configuration list for PBXNativeTarget "InspoBoard (macOS)" */ = {
			isa = XCConfigurationList;
			buildConfigurations = (
				F365ED70289B39B00026F354 /* Debug */,
				F365ED71289B39B00026F354 /* Release */,
			);
			defaultConfigurationIsVisible = 0;
			defaultConfigurationName = Release;
		};
/* End XCConfigurationList section */
	};
	rootObject = F365ED4F289B39AD0026F354 /* Project object */;
}
